
Microsoft Visual Studio Solution File, Format Version 12.00
# Visual Studio Version 17
VisualStudioVersion = 17.11.34909.67
MinimumVisualStudioVersion = 10.0.40219.1
Project("{FAE04EC0-301F-11D3-BF4B-00C04F79EFBC}") = "CRUD_Application", "CRUD_Application\CRUD_Application.csproj", "{C7C4538D-7488-4F15-BA78-32D70C8183CF}"
EndProject
Global
	GlobalSection(SolutionConfigurationPlatforms) = preSolution
		Debug|Any CPU = Debug|Any CPU
		Release|Any CPU = Release|Any CPU
	EndGlobalSection
	GlobalSection(ProjectConfigurationPlatforms) = postSolution
		{C7C4538D-7488-4F15-BA78-32D70C8183CF}.Debug|Any CPU.ActiveCfg = Debug|Any CPU
		{C7C4538D-7488-4F15-BA78-32D70C8183CF}.Debug|Any CPU.Build.0 = Debug|Any CPU
		{C7C4538D-7488-4F15-BA78-32D70C8183CF}.Release|Any CPU.ActiveCfg = Release|Any CPU
		{C7C4538D-7488-4F15-BA78-32D70C8183CF}.Release|Any CPU.Build.0 = Release|Any CPU
	EndGlobalSection
	GlobalSection(SolutionProperties) = preSolution
		HideSolutionNode = FALSE
	EndGlobalSection
	GlobalSection(ExtensibilityGlobals) = postSolution
		SolutionGuid = {EF39506D-A4FB-48B1-BA41-79EF4B3EA939}
	EndGlobalSection
EndGlobal
